
Microsoft Visual Studio Solution File, Format Version 12.00
# Visual Studio 15
VisualStudioVersion = 15.0.28010.2026
MinimumVisualStudioVersion = 10.0.40219.1
Project("{FAE04EC0-301F-11D3-BF4B-00C04F79EFBC}") = "TryOut2018", "TryOut2018\TryOut2018.csproj", "{FB803352-A3EE-4304-A81E-31541DF9FF83}"
EndProject
Global
	GlobalSection(SolutionConfigurationPlatforms) = preSolution
		Debug|Any CPU = Debug|Any CPU
		Release|Any CPU = Release|Any CPU
	EndGlobalSection
	GlobalSection(ProjectConfigurationPlatforms) = postSolution
		{FB803352-A3EE-4304-A81E-31541DF9FF83}.Debug|Any CPU.ActiveCfg = Debug|Any CPU
		{FB803352-A3EE-4304-A81E-31541DF9FF83}.Debug|Any CPU.Build.0 = Debug|Any CPU
		{FB803352-A3EE-4304-A81E-31541DF9FF83}.Release|Any CPU.ActiveCfg = Release|Any CPU
		{FB803352-A3EE-4304-A81E-31541DF9FF83}.Release|Any CPU.Build.0 = Release|Any CPU
	EndGlobalSection
	GlobalSection(SolutionProperties) = preSolution
		HideSolutionNode = FALSE
	EndGlobalSection
	GlobalSection(ExtensibilityGlobals) = postSolution
		SolutionGuid = {B60B94D9-7285-407F-95AF-39967933E93F}
	EndGlobalSection
EndGlobal
